// !$*UTF8*$!
{
	archiveVersion = 1;
	classes = {
	};
	objectVersion = 46;
	objects = {

/* Begin PBXBuildFile section */
		F989AE25199692A1005F5A98 /* ImageViewCell.m in Sources */ = {isa = PBXBuildFile; fileRef = F989AE24199692A1005F5A98 /* ImageViewCell.m */; };
		F9F52EE8199565540022801D /* Foundation.framework in Frameworks */ = {isa = PBXBuildFile; fileRef = F9F52EE7199565540022801D /* Foundation.framework */; };
		F9F52EEA199565540022801D /* CoreGraphics.framework in Frameworks */ = {isa = PBXBuildFile; fileRef = F9F52EE9199565540022801D /* CoreGraphics.framework */; };
		F9F52EEC199565540022801D /* UIKit.framework in Frameworks */ = {isa = PBXBuildFile; fileRef = F9F52EEB199565540022801D /* UIKit.framework */; };
		F9F52EF2199565540022801D /* InfoPlist.strings in Resources */ = {isa = PBXBuildFile; fileRef = F9F52EF0199565540022801D /* InfoPlist.strings */; };
		F9F52EF4199565540022801D /* main.m in Sources */ = {isa = PBXBuildFile; fileRef = F9F52EF3199565540022801D /* main.m */; };
		F9F52EF8199565540022801D /* AppDelegate.m in Sources */ = {isa = PBXBuildFile; fileRef = F9F52EF7199565540022801D /* AppDelegate.m */; };
		F9F52EFB199565540022801D /* Main.storyboard in Resources */ = {isa = PBXBuildFile; fileRef = F9F52EF9199565540022801D /* Main.storyboard */; };
		F9F52EFE199565540022801D /* ViewController.m in Sources */ = {isa = PBXBuildFile; fileRef = F9F52EFD199565540022801D /* ViewController.m */; };
		F9F52F00199565540022801D /* Images.xcassets in Resources */ = {isa = PBXBuildFile; fileRef = F9F52EFF199565540022801D /* Images.xcassets */; };
		F9F52F07199565540022801D /* XCTest.framework in Frameworks */ = {isa = PBXBuildFile; fileRef = F9F52F06199565540022801D /* XCTest.framework */; };
		F9F52F08199565540022801D /* Foundation.framework in Frameworks */ = {isa = PBXBuildFile; fileRef = F9F52EE7199565540022801D /* Foundation.framework */; };
		F9F52F09199565540022801D /* UIKit.framework in Frameworks */ = {isa = PBXBuildFile; fileRef = F9F52EEB199565540022801D /* UIKit.framework */; };
		F9F52F11199565540022801D /* InfoPlist.strings in Resources */ = {isa = PBXBuildFile; fileRef = F9F52F0F199565540022801D /* InfoPlist.strings */; };
		F9F52F13199565540022801D /* WildKingdomTests.m in Sources */ = {isa = PBXBuildFile; fileRef = F9F52F12199565540022801D /* WildKingdomTests.m */; };
/* End PBXBuildFile section */

/* Begin PBXContainerItemProxy section */
		F9F52F0A199565540022801D /* PBXContainerItemProxy */ = {
			isa = PBXContainerItemProxy;
			containerPortal = F9F52EDC199565540022801D /* Project object */;
			proxyType = 1;
			remoteGlobalIDString = F9F52EE3199565540022801D;
			remoteInfo = WildKingdom;
		};
/* End PBXContainerItemProxy section */

/* Begin PBXFileReference section */
		F989AE23199692A1005F5A98 /* ImageViewCell.h */ = {isa = PBXFileReference; fileEncoding = 4; lastKnownFileType = sourcecode.c.h; path = ImageViewCell.h; sourceTree = "<group>"; };
		F989AE24199692A1005F5A98 /* ImageViewCell.m */ = {isa = PBXFileReference; fileEncoding = 4; lastKnownFileType = sourcecode.c.objc; path = ImageViewCell.m; sourceTree = "<group>"; };
		F9F52EE4199565540022801D /* WildKingdom.app */ = {isa = PBXFileReference; explicitFileType = wrapper.application; includeInIndex = 0; path = WildKingdom.app; sourceTree = BUILT_PRODUCTS_DIR; };
		F9F52EE7199565540022801D /* Foundation.framework */ = {isa = PBXFileReference; lastKnownFileType = wrapper.framework; name = Foundation.framework; path = System/Library/Frameworks/Foundation.framework; sourceTree = SDKROOT; };
		F9F52EE9199565540022801D /* CoreGraphics.framework */ = {isa = PBXFileReference; lastKnownFileType = wrapper.framework; name = CoreGraphics.framework; path = System/Library/Frameworks/CoreGraphics.framework; sourceTree = SDKROOT; };
		F9F52EEB199565540022801D /* UIKit.framework */ = {isa = PBXFileReference; lastKnownFileType = wrapper.framework; name = UIKit.framework; path = System/Library/Frameworks/UIKit.framework; sourceTree = SDKROOT; };
		F9F52EEF199565540022801D /* WildKingdom-Info.plist */ = {isa = PBXFileReference; lastKnownFileType = text.plist.xml; path = "WildKingdom-Info.plist"; sourceTree = "<group>"; };
		F9F52EF1199565540022801D /* en */ = {isa = PBXFileReference; lastKnownFileType = text.plist.strings; name = en; path = en.lproj/InfoPlist.strings; sourceTree = "<group>"; };
		F9F52EF3199565540022801D /* main.m */ = {isa = PBXFileReference; lastKnownFileType = sourcecode.c.objc; path = main.m; sourceTree = "<group>"; };
		F9F52EF5199565540022801D /* WildKingdom-Prefix.pch */ = {isa = PBXFileReference; lastKnownFileType = sourcecode.c.h; path = "WildKingdom-Prefix.pch"; sourceTree = "<group>"; };
		F9F52EF6199565540022801D /* AppDelegate.h */ = {isa = PBXFileReference; lastKnownFileType = sourcecode.c.h; path = AppDelegate.h; sourceTree = "<group>"; };
		F9F52EF7199565540022801D /* AppDelegate.m */ = {isa = PBXFileReference; lastKnownFileType = sourcecode.c.objc; path = AppDelegate.m; sourceTree = "<group>"; };
		F9F52EFA199565540022801D /* Base */ = {isa = PBXFileReference; lastKnownFileType = file.storyboard; name = Base; path = Base.lproj/Main.storyboard; sourceTree = "<group>"; };
		F9F52EFC199565540022801D /* ViewController.h */ = {isa = PBXFileReference; lastKnownFileType = sourcecode.c.h; path = ViewController.h; sourceTree = "<group>"; };
		F9F52EFD199565540022801D /* ViewController.m */ = {isa = PBXFileReference; lastKnownFileType = sourcecode.c.objc; path = ViewController.m; sourceTree = "<group>"; };
		F9F52EFF199565540022801D /* Images.xcassets */ = {isa = PBXFileReference; lastKnownFileType = folder.assetcatalog; path = Images.xcassets; sourceTree = "<group>"; };
		F9F52F05199565540022801D /* WildKingdomTests.xctest */ = {isa = PBXFileReference; explicitFileType = wrapper.cfbundle; includeInIndex = 0; path = WildKingdomTests.xctest; sourceTree = BUILT_PRODUCTS_DIR; };
		F9F52F06199565540022801D /* XCTest.framework */ = {isa = PBXFileReference; lastKnownFileType = wrapper.framework; name = XCTest.framework; path = Library/Frameworks/XCTest.framework; sourceTree = DEVELOPER_DIR; };
		F9F52F0E199565540022801D /* WildKingdomTests-Info.plist */ = {isa = PBXFileReference; lastKnownFileType = text.plist.xml; path = "WildKingdomTests-Info.plist"; sourceTree = "<group>"; };
		F9F52F10199565540022801D /* en */ = {isa = PBXFileReference; lastKnownFileType = text.plist.strings; name = en; path = en.lproj/InfoPlist.strings; sourceTree = "<group>"; };
		F9F52F12199565540022801D /* WildKingdomTests.m */ = {isa = PBXFileReference; lastKnownFileType = sourcecode.c.objc; path = WildKingdomTests.m; sourceTree = "<group>"; };
/* End PBXFileReference section */

/* Begin PBXFrameworksBuildPhase section */
		F9F52EE1199565540022801D /* Frameworks */ = {
			isa = PBXFrameworksBuildPhase;
			buildActionMask = 2147483647;
			files = (
				F9F52EEA199565540022801D /* CoreGraphics.framework in Frameworks */,
				F9F52EEC199565540022801D /* UIKit.framework in Frameworks */,
				F9F52EE8199565540022801D /* Foundation.framework in Frameworks */,
			);
			runOnlyForDeploymentPostprocessing = 0;
		};
		F9F52F02199565540022801D /* Frameworks */ = {
			isa = PBXFrameworksBuildPhase;
			buildActionMask = 2147483647;
			files = (
				F9F52F07199565540022801D /* XCTest.framework in Frameworks */,
				F9F52F09199565540022801D /* UIKit.framework in Frameworks */,
				F9F52F08199565540022801D /* Foundation.framework in Frameworks */,
			);
			runOnlyForDeploymentPostprocessing = 0;
		};
/* End PBXFrameworksBuildPhase section */

/* Begin PBXGroup section */
		F9F52EDB199565540022801D = {
			isa = PBXGroup;
			children = (
				F9F52EED199565540022801D /* WildKingdom */,
				F9F52F0C199565540022801D /* WildKingdomTests */,
				F9F52EE6199565540022801D /* Frameworks */,
				F9F52EE5199565540022801D /* Products */,
			);
			sourceTree = "<group>";
		};
		F9F52EE5199565540022801D /* Products */ = {
			isa = PBXGroup;
			children = (
				F9F52EE4199565540022801D /* WildKingdom.app */,
				F9F52F05199565540022801D /* WildKingdomTests.xctest */,
			);
			name = Products;
			sourceTree = "<group>";
		};
		F9F52EE6199565540022801D /* Frameworks */ = {
			isa = PBXGroup;
			children = (
				F9F52EE7199565540022801D /* Foundation.framework */,
				F9F52EE9199565540022801D /* CoreGraphics.framework */,
				F9F52EEB199565540022801D /* UIKit.framework */,
				F9F52F06199565540022801D /* XCTest.framework */,
			);
			name = Frameworks;
			sourceTree = "<group>";
		};
		F9F52EED199565540022801D /* WildKingdom */ = {
			isa = PBXGroup;
			children = (
				F9F52EF6199565540022801D /* AppDelegate.h */,
				F9F52EF7199565540022801D /* AppDelegate.m */,
				F9F52EF9199565540022801D /* Main.storyboard */,
				F9F52EFC199565540022801D /* ViewController.h */,
				F9F52EFD199565540022801D /* ViewController.m */,
				F9F52EFF199565540022801D /* Images.xcassets */,
				F9F52EEE199565540022801D /* Supporting Files */,
				F989AE23199692A1005F5A98 /* ImageViewCell.h */,
				F989AE24199692A1005F5A98 /* ImageViewCell.m */,
			);
			path = WildKingdom;
			sourceTree = "<group>";
		};
		F9F52EEE199565540022801D /* Supporting Files */ = {
			isa = PBXGroup;
			children = (
				F9F52EEF199565540022801D /* WildKingdom-Info.plist */,
				F9F52EF0199565540022801D /* InfoPlist.strings */,
				F9F52EF3199565540022801D /* main.m */,
				F9F52EF5199565540022801D /* WildKingdom-Prefix.pch */,
			);
			name = "Supporting Files";
			sourceTree = "<group>";
		};
		F9F52F0C199565540022801D /* WildKingdomTests */ = {
			isa = PBXGroup;
			children = (
				F9F52F12199565540022801D /* WildKingdomTests.m */,
				F9F52F0D199565540022801D /* Supporting Files */,
			);
			path = WildKingdomTests;
			sourceTree = "<group>";
		};
		F9F52F0D199565540022801D /* Supporting Files */ = {
			isa = PBXGroup;
			children = (
				F9F52F0E199565540022801D /* WildKingdomTests-Info.plist */,
				F9F52F0F199565540022801D /* InfoPlist.strings */,
			);
			name = "Supporting Files";
			sourceTree = "<group>";
		};
/* End PBXGroup section */

/* Begin PBXNativeTarget section */
		F9F52EE3199565540022801D /* WildKingdom */ = {
			isa = PBXNativeTarget;
			buildConfigurationList = F9F52F16199565540022801D /* Build configuration list for PBXNativeTarget "WildKingdom" */;
			buildPhases = (
				F9F52EE0199565540022801D /* Sources */,
				F9F52EE1199565540022801D /* Frameworks */,
				F9F52EE2199565540022801D /* Resources */,
			);
			buildRules = (
			);
			dependencies = (
			);
			name = WildKingdom;
			productName = WildKingdom;
			productReference = F9F52EE4199565540022801D /* WildKingdom.app */;
			productType = "com.apple.product-type.application";
		};
		F9F52F04199565540022801D /* WildKingdomTests */ = {
			isa = PBXNativeTarget;
			buildConfigurationList = F9F52F19199565540022801D /* Build configuration list for PBXNativeTarget "WildKingdomTests" */;
			buildPhases = (
				F9F52F01199565540022801D /* Sources */,
				F9F52F02199565540022801D /* Frameworks */,
				F9F52F03199565540022801D /* Resources */,
			);
			buildRules = (
			);
			dependencies = (
				F9F52F0B199565540022801D /* PBXTargetDependency */,
			);
			name = WildKingdomTests;
			productName = WildKingdomTests;
			productReference = F9F52F05199565540022801D /* WildKingdomTests.xctest */;
			productType = "com.apple.product-type.bundle.unit-test";
		};
/* End PBXNativeTarget section */

/* Begin PBXProject section */
		F9F52EDC199565540022801D /* Project object */ = {
			isa = PBXProject;
			attributes = {
				LastUpgradeCheck = 0510;
				ORGANIZATIONNAME = "___FULLUSERNAME___";
				TargetAttributes = {
					F9F52F04199565540022801D = {
						TestTargetID = F9F52EE3199565540022801D;
					};
				};
			};
			buildConfigurationList = F9F52EDF199565540022801D /* Build configuration list for PBXProject "WildKingdom" */;
			compatibilityVersion = "Xcode 3.2";
			developmentRegion = English;
			hasScannedForEncodings = 0;
			knownRegions = (
				en,
				Base,
			);
			mainGroup = F9F52EDB199565540022801D;
			productRefGroup = F9F52EE5199565540022801D /* Products */;
			projectDirPath = "";
			projectRoot = "";
			targets = (
				F9F52EE3199565540022801D /* WildKingdom */,
				F9F52F04199565540022801D /* WildKingdomTests */,
			);
		};
/* End PBXProject section */

/* Begin PBXResourcesBuildPhase section */
		F9F52EE2199565540022801D /* Resources */ = {
			isa = PBXResourcesBuildPhase;
			buildActionMask = 2147483647;
			files = (
				F9F52F00199565540022801D /* Images.xcassets in Resources */,
				F9F52EF2199565540022801D /* InfoPlist.strings in Resources */,
				F9F52EFB199565540022801D /* Main.storyboard in Resources */,
			);
			runOnlyForDeploymentPostprocessing = 0;
		};
		F9F52F03199565540022801D /* Resources */ = {
			isa = PBXResourcesBuildPhase;
			buildActionMask = 2147483647;
			files = (
				F9F52F11199565540022801D /* InfoPlist.strings in Resources */,
			);
			runOnlyForDeploymentPostprocessing = 0;
		};
/* End PBXResourcesBuildPhase section */

/* Begin PBXSourcesBuildPhase section */
		F9F52EE0199565540022801D /* Sources */ = {
			isa = PBXSourcesBuildPhase;
			buildActionMask = 2147483647;
			files = (
				F989AE25199692A1005F5A98 /* ImageViewCell.m in Sources */,
				F9F52EFE199565540022801D /* ViewController.m in Sources */,
				F9F52EF8199565540022801D /* AppDelegate.m in Sources */,
				F9F52EF4199565540022801D /* main.m in Sources */,
			);
			runOnlyForDeploymentPostprocessing = 0;
		};
		F9F52F01199565540022801D /* Sources */ = {
			isa = PBXSourcesBuildPhase;
			buildActionMask = 2147483647;
			files = (
				F9F52F13199565540022801D /* WildKingdomTests.m in Sources */,
			);
			runOnlyForDeploymentPostprocessing = 0;
		};
/* End PBXSourcesBuildPhase section */

/* Begin PBXTargetDependency section */
		F9F52F0B199565540022801D /* PBXTargetDependency */ = {
			isa = PBXTargetDependency;
			target = F9F52EE3199565540022801D /* WildKingdom */;
			targetProxy = F9F52F0A199565540022801D /* PBXContainerItemProxy */;
		};
/* End PBXTargetDependency section */

/* Begin PBXVariantGroup section */
		F9F52EF0199565540022801D /* InfoPlist.strings */ = {
			isa = PBXVariantGroup;
			children = (
				F9F52EF1199565540022801D /* en */,
			);
			name = InfoPlist.strings;
			sourceTree = "<group>";
		};
		F9F52EF9199565540022801D /* Main.storyboard */ = {
			isa = PBXVariantGroup;
			children = (
				F9F52EFA199565540022801D /* Base */,
			);
			name = Main.storyboard;
			sourceTree = "<group>";
		};
		F9F52F0F199565540022801D /* InfoPlist.strings */ = {
			isa = PBXVariantGroup;
			children = (
				F9F52F10199565540022801D /* en */,
			);
			name = InfoPlist.strings;
			sourceTree = "<group>";
		};
/* End PBXVariantGroup section */

/* Begin XCBuildConfiguration section */
		F9F52F14199565540022801D /* Debug */ = {
			isa = XCBuildConfiguration;
			buildSettings = {
				ALWAYS_SEARCH_USER_PATHS = NO;
				CLANG_CXX_LANGUAGE_STANDARD = "gnu++0x";
				CLANG_CXX_LIBRARY = "libc++";
				CLANG_ENABLE_MODULES = YES;
				CLANG_ENABLE_OBJC_ARC = YES;
				CLANG_WARN_BOOL_CONVERSION = YES;
				CLANG_WARN_CONSTANT_CONVERSION = YES;
				CLANG_WARN_DIRECT_OBJC_ISA_USAGE = YES_ERROR;
				CLANG_WARN_EMPTY_BODY = YES;
				CLANG_WARN_ENUM_CONVERSION = YES;
				CLANG_WARN_INT_CONVERSION = YES;
				CLANG_WARN_OBJC_ROOT_CLASS = YES_ERROR;
				CLANG_WARN__DUPLICATE_METHOD_MATCH = YES;
				"CODE_SIGN_IDENTITY[sdk=iphoneos*]" = "iPhone Developer";
				COPY_PHASE_STRIP = NO;
				GCC_C_LANGUAGE_STANDARD = gnu99;
				GCC_DYNAMIC_NO_PIC = NO;
				GCC_OPTIMIZATION_LEVEL = 0;
				GCC_PREPROCESSOR_DEFINITIONS = (
					"DEBUG=1",
					"$(inherited)",
				);
				GCC_SYMBOLS_PRIVATE_EXTERN = NO;
				GCC_WARN_64_TO_32_BIT_CONVERSION = YES;
				GCC_WARN_ABOUT_RETURN_TYPE = YES_ERROR;
				GCC_WARN_UNDECLARED_SELECTOR = YES;
				GCC_WARN_UNINITIALIZED_AUTOS = YES_AGGRESSIVE;
				GCC_WARN_UNUSED_FUNCTION = YES;
				GCC_WARN_UNUSED_VARIABLE = YES;
				IPHONEOS_DEPLOYMENT_TARGET = 7.1;
				ONLY_ACTIVE_ARCH = YES;
				SDKROOT = iphoneos;
			};
			name = Debug;
		};
		F9F52F15199565540022801D /* Release */ = {
			isa = XCBuildConfiguration;
			buildSettings = {
				ALWAYS_SEARCH_USER_PATHS = NO;
				CLANG_CXX_LANGUAGE_STANDARD = "gnu++0x";
				CLANG_CXX_LIBRARY = "libc++";
				CLANG_ENABLE_MODULES = YES;
				CLANG_ENABLE_OBJC_ARC = YES;
				CLANG_WARN_BOOL_CONVERSION = YES;
				CLANG_WARN_CONSTANT_CONVERSION = YES;
				CLANG_WARN_DIRECT_OBJC_ISA_USAGE = YES_ERROR;
				CLANG_WARN_EMPTY_BODY = YES;
				CLANG_WARN_ENUM_CONVERSION = YES;
				CLANG_WARN_INT_CONVERSION = YES;
				CLANG_WARN_OBJC_ROOT_CLASS = YES_ERROR;
				CLANG_WARN__DUPLICATE_METHOD_MATCH = YES;
				"CODE_SIGN_IDENTITY[sdk=iphoneos*]" = "iPhone Developer";
				COPY_PHASE_STRIP = YES;
				ENABLE_NS_ASSERTIONS = NO;
				GCC_C_LANGUAGE_STANDARD = gnu99;
				GCC_WARN_64_TO_32_BIT_CONVERSION = YES;
				GCC_WARN_ABOUT_RETURN_TYPE = YES_ERROR;
				GCC_WARN_UNDECLARED_SELECTOR = YES;
				GCC_WARN_UNINITIALIZED_AUTOS = YES_AGGRESSIVE;
				GCC_WARN_UNUSED_FUNCTION = YES;
				GCC_WARN_UNUSED_VARIABLE = YES;
				IPHONEOS_DEPLOYMENT_TARGET = 7.1;
				SDKROOT = iphoneos;
				VALIDATE_PRODUCT = YES;
			};
			name = Release;
		};
		F9F52F17199565540022801D /* Debug */ = {
			isa = XCBuildConfiguration;
			buildSettings = {
				ASSETCATALOG_COMPILER_APPICON_NAME = AppIcon;
				ASSETCATALOG_COMPILER_LAUNCHIMAGE_NAME = LaunchImage;
				GCC_PRECOMPILE_PREFIX_HEADER = YES;
				GCC_PREFIX_HEADER = "WildKingdom/WildKingdom-Prefix.pch";
				INFOPLIST_FILE = "WildKingdom/WildKingdom-Info.plist";
				PRODUCT_NAME = "$(TARGET_NAME)";
				WRAPPER_EXTENSION = app;
			};
			name = Debug;
		};
		F9F52F18199565540022801D /* Release */ = {
			isa = XCBuildConfiguration;
			buildSettings = {
				ASSETCATALOG_COMPILER_APPICON_NAME = AppIcon;
				ASSETCATALOG_COMPILER_LAUNCHIMAGE_NAME = LaunchImage;
				GCC_PRECOMPILE_PREFIX_HEADER = YES;
				GCC_PREFIX_HEADER = "WildKingdom/WildKingdom-Prefix.pch";
				INFOPLIST_FILE = "WildKingdom/WildKingdom-Info.plist";
				PRODUCT_NAME = "$(TARGET_NAME)";
				WRAPPER_EXTENSION = app;
			};
			name = Release;
		};
		F9F52F1A199565540022801D /* Debug */ = {
			isa = XCBuildConfiguration;
			buildSettings = {
				BUNDLE_LOADER = "$(BUILT_PRODUCTS_DIR)/WildKingdom.app/WildKingdom";
				FRAMEWORK_SEARCH_PATHS = (
					"$(SDKROOT)/Developer/Library/Frameworks",
					"$(inherited)",
					"$(DEVELOPER_FRAMEWORKS_DIR)",
				);
				GCC_PRECOMPILE_PREFIX_HEADER = YES;
				GCC_PREFIX_HEADER = "WildKingdom/WildKingdom-Prefix.pch";
				GCC_PREPROCESSOR_DEFINITIONS = (
					"DEBUG=1",
					"$(inherited)",
				);
				INFOPLIST_FILE = "WildKingdomTests/WildKingdomTests-Info.plist";
				PRODUCT_NAME = "$(TARGET_NAME)";
				TEST_HOST = "$(BUNDLE_LOADER)";
				WRAPPER_EXTENSION = xctest;
			};
			name = Debug;
		};
		F9F52F1B199565540022801D /* Release */ = {
			isa = XCBuildConfiguration;
			buildSettings = {
				BUNDLE_LOADER = "$(BUILT_PRODUCTS_DIR)/WildKingdom.app/WildKingdom";
				FRAMEWORK_SEARCH_PATHS = (
					"$(SDKROOT)/Developer/Library/Frameworks",
					"$(inherited)",
					"$(DEVELOPER_FRAMEWORKS_DIR)",
				);
				GCC_PRECOMPILE_PREFIX_HEADER = YES;
				GCC_PREFIX_HEADER = "WildKingdom/WildKingdom-Prefix.pch";
				INFOPLIST_FILE = "WildKingdomTests/WildKingdomTests-Info.plist";
				PRODUCT_NAME = "$(TARGET_NAME)";
				TEST_HOST = "$(BUNDLE_LOADER)";
				WRAPPER_EXTENSION = xctest;
			};
			name = Release;
		};
/* End XCBuildConfiguration section */

/* Begin XCConfigurationList section */
		F9F52EDF199565540022801D /* Build configuration list for PBXProject "WildKingdom" */ = {
			isa = XCConfigurationList;
			buildConfigurations = (
				F9F52F14199565540022801D /* Debug */,
				F9F52F15199565540022801D /* Release */,
			);
			defaultConfigurationIsVisible = 0;
			defaultConfigurationName = Release;
		};
		F9F52F16199565540022801D /* Build configuration list for PBXNativeTarget "WildKingdom" */ = {
			isa = XCConfigurationList;
			buildConfigurations = (
				F9F52F17199565540022801D /* Debug */,
				F9F52F18199565540022801D /* Release */,
			);
			defaultConfigurationIsVisible = 0;
			defaultConfigurationName = Release;
		};
		F9F52F19199565540022801D /* Build configuration list for PBXNativeTarget "WildKingdomTests" */ = {
			isa = XCConfigurationList;
			buildConfigurations = (
				F9F52F1A199565540022801D /* Debug */,
				F9F52F1B199565540022801D /* Release */,
			);
			defaultConfigurationIsVisible = 0;
			defaultConfigurationName = Release;
		};
/* End XCConfigurationList section */
	};
	rootObject = F9F52EDC199565540022801D /* Project object */;
}
